
Microsoft Visual Studio Solution File, Format Version 12.00
# Visual Studio Version 16
VisualStudioVersion = 16.0.30225.117
MinimumVisualStudioVersion = 10.0.40219.1
Project("{FAE04EC0-301F-11D3-BF4B-00C04F79EFBC}") = "empleats_it_academy", "empleats_it_academy.csproj", "{8F1EB3F9-C457-40C2-914B-E2F2C26DE876}"
EndProject
Global
	GlobalSection(SolutionConfigurationPlatforms) = preSolution
		Debug|Any CPU = Debug|Any CPU
		Release|Any CPU = Release|Any CPU
	EndGlobalSection
	GlobalSection(ProjectConfigurationPlatforms) = postSolution
		{8F1EB3F9-C457-40C2-914B-E2F2C26DE876}.Debug|Any CPU.ActiveCfg = Debug|Any CPU
		{8F1EB3F9-C457-40C2-914B-E2F2C26DE876}.Debug|Any CPU.Build.0 = Debug|Any CPU
		{8F1EB3F9-C457-40C2-914B-E2F2C26DE876}.Release|Any CPU.ActiveCfg = Release|Any CPU
		{8F1EB3F9-C457-40C2-914B-E2F2C26DE876}.Release|Any CPU.Build.0 = Release|Any CPU
	EndGlobalSection
	GlobalSection(SolutionProperties) = preSolution
		HideSolutionNode = FALSE
	EndGlobalSection
	GlobalSection(ExtensibilityGlobals) = postSolution
		SolutionGuid = {0995597E-E54D-4CB8-BDEA-122F9F98D37B}
	EndGlobalSection
EndGlobal
